{
  "name": "ws.ui",
  "version": "0.0.1",
  "lockfileVersion": 2,
  "requires": true,
  "packages": {
    "": {
      "name": "ws.ui",
      "version": "0.0.1",
      "dependencies": {
        "dojo": "^1.12.9"
      }
    },
    "node_modules/dojo": {
      "version": "1.17.3",
      "resolved": "https://registry.npmjs.org/dojo/-/dojo-1.17.3.tgz",
      "integrity": "sha512-iWDx1oSfCEDnIrs8cMW7Zh9Fbjgxu8iRagFz+Qi2eya3MXIAxFXKhv2A7dpi+bfpMpFozLwcsLV8URLw6BsHsA=="
    }
  },
  "dependencies": {
    "dojo": {
      "version": "1.17.3",
      "resolved": "https://registry.npmjs.org/dojo/-/dojo-1.17.3.tgz",
      "integrity": "sha512-iWDx1oSfCEDnIrs8cMW7Zh9Fbjgxu8iRagFz+Qi2eya3MXIAxFXKhv2A7dpi+bfpMpFozLwcsLV8URLw6BsHsA=="
    }
  }
}
