{
  "name": "ws.ui",
  "version": "0.0.1",
  "lockfileVersion": 2,
  "requires": true,
  "packages": {
    "": {
      "name": "ws.ui",
      "version": "0.0.1",
      "dependencies": {
        "d3": "3.5.10",
        "dojo": "1.12.11"
      }
    },
    "node_modules/d3": {
      "version": "3.5.10",
      "resolved": "https://registry.npmjs.org/d3/-/d3-3.5.10.tgz",
      "integrity": "sha512-WVHQG3p+xgXGd1Wc9zs5Hg9UE7VcTuyIggephsRktGlPEu8BAQdQbGPl+iduZuo9UKqkEkiS5qXm8ExNI3SdnA=="
    },
    "node_modules/dojo": {
      "version": "1.12.11",
      "resolved": "https://registry.npmjs.org/dojo/-/dojo-1.12.11.tgz",
      "integrity": "sha512-oJ456/VX3xj2Z9A8pVx9eLOYLtCkIjhuoMn3ElMiIGCMiENKGoiiE2bpIKs75DmvDFqfIeiqwDEtGT7ih8dmcA=="
    }
  },
  "dependencies": {
    "d3": {
      "version": "3.5.10",
      "resolved": "https://registry.npmjs.org/d3/-/d3-3.5.10.tgz",
      "integrity": "sha512-WVHQG3p+xgXGd1Wc9zs5Hg9UE7VcTuyIggephsRktGlPEu8BAQdQbGPl+iduZuo9UKqkEkiS5qXm8ExNI3SdnA=="
    },
    "dojo": {
      "version": "1.12.11",
      "resolved": "https://registry.npmjs.org/dojo/-/dojo-1.12.11.tgz",
      "integrity": "sha512-oJ456/VX3xj2Z9A8pVx9eLOYLtCkIjhuoMn3ElMiIGCMiENKGoiiE2bpIKs75DmvDFqfIeiqwDEtGT7ih8dmcA=="
    }
  }
}
