{
  "name": "ui.tool.explore",
  "version": "0.0.1",
  "lockfileVersion": 2,
  "requires": true,
  "packages": {
    "": {
      "name": "ui.tool.explore",
      "version": "0.0.1",
      "dependencies": {
        "dojo": "^1.12.9",
        "svg4everybody": "^2.1.9"
      }
    },
    "node_modules/dojo": {
      "version": "1.17.3",
      "resolved": "https://registry.npmjs.org/dojo/-/dojo-1.17.3.tgz",
      "integrity": "sha512-iWDx1oSfCEDnIrs8cMW7Zh9Fbjgxu8iRagFz+Qi2eya3MXIAxFXKhv2A7dpi+bfpMpFozLwcsLV8URLw6BsHsA=="
    },
    "node_modules/svg4everybody": {
      "version": "2.1.9",
      "resolved": "https://registry.npmjs.org/svg4everybody/-/svg4everybody-2.1.9.tgz",
      "integrity": "sha512-AS9WORVV/vk520ZHxGTlQzyDBizp/h6WyAYUbKhze/kwvQr43DwJpkIIPBomsUyKqN7N+h1deF92N9PmW+o+9A==",
      "engines": {
        "node": ">=0.8.0"
      }
    }
  },
  "dependencies": {
    "dojo": {
      "version": "1.17.3",
      "resolved": "https://registry.npmjs.org/dojo/-/dojo-1.17.3.tgz",
      "integrity": "sha512-iWDx1oSfCEDnIrs8cMW7Zh9Fbjgxu8iRagFz+Qi2eya3MXIAxFXKhv2A7dpi+bfpMpFozLwcsLV8URLw6BsHsA=="
    },
    "svg4everybody": {
      "version": "2.1.9",
      "resolved": "https://registry.npmjs.org/svg4everybody/-/svg4everybody-2.1.9.tgz",
      "integrity": "sha512-AS9WORVV/vk520ZHxGTlQzyDBizp/h6WyAYUbKhze/kwvQr43DwJpkIIPBomsUyKqN7N+h1deF92N9PmW+o+9A=="
    }
  }
}
